
Microsoft Visual Studio Solution File, Format Version 12.00
# Visual Studio Version 16
VisualStudioVersion = 16.0.30804.86
MinimumVisualStudioVersion = 10.0.40219.1
Project("{FAE04EC0-301F-11D3-BF4B-00C04F79EFBC}") = "VendingMachine", "VendingMachine.csproj", "{385B5DE8-05DE-4807-AFFD-B88C2D91D9A2}"
EndProject
Project("{FAE04EC0-301F-11D3-BF4B-00C04F79EFBC}") = "VendingMachine.Test", "..\VendingMachine.Test\VendingMachine.Test.csproj", "{5C1D5062-4B2C-4857-B102-0E629C897966}"
EndProject
Global
	GlobalSection(SolutionConfigurationPlatforms) = preSolution
		Debug|Any CPU = Debug|Any CPU
		Release|Any CPU = Release|Any CPU
	EndGlobalSection
	GlobalSection(ProjectConfigurationPlatforms) = postSolution
		{385B5DE8-05DE-4807-AFFD-B88C2D91D9A2}.Debug|Any CPU.ActiveCfg = Debug|Any CPU
		{385B5DE8-05DE-4807-AFFD-B88C2D91D9A2}.Debug|Any CPU.Build.0 = Debug|Any CPU
		{385B5DE8-05DE-4807-AFFD-B88C2D91D9A2}.Release|Any CPU.ActiveCfg = Release|Any CPU
		{385B5DE8-05DE-4807-AFFD-B88C2D91D9A2}.Release|Any CPU.Build.0 = Release|Any CPU
		{5C1D5062-4B2C-4857-B102-0E629C897966}.Debug|Any CPU.ActiveCfg = Debug|Any CPU
		{5C1D5062-4B2C-4857-B102-0E629C897966}.Debug|Any CPU.Build.0 = Debug|Any CPU
		{5C1D5062-4B2C-4857-B102-0E629C897966}.Release|Any CPU.ActiveCfg = Release|Any CPU
		{5C1D5062-4B2C-4857-B102-0E629C897966}.Release|Any CPU.Build.0 = Release|Any CPU
	EndGlobalSection
	GlobalSection(SolutionProperties) = preSolution
		HideSolutionNode = FALSE
	EndGlobalSection
	GlobalSection(ExtensibilityGlobals) = postSolution
		SolutionGuid = {E64B4E72-8184-4EF2-9DF7-2E8AEDD0C257}
	EndGlobalSection
EndGlobal
